<?xml version="1.0" encoding="UTF-8"?>
<Scheme
   LastUpgradeVersion = "0640"
   version = "2.0">
   <BuildAction
      parallelizeBuildables = "YES"
      buildImplicitDependencies = "YES">
      <BuildActionEntries>
         <BuildActionEntry
            buildForTesting = "YES"
            buildForRunning = "YES"
            buildForProfiling = "YES"
            buildForArchiving = "YES"
            buildForAnalyzing = "YES">
            <BuildableReference
               BuildableIdentifier = "primary"
               BlueprintIdentifier = "FD0BC1591B61403B00EB9090"
               BuildableName = "Vacation-Tracker WatchKit App.app"
               BlueprintName = "Vacation-Tracker WatchKit App"
               ReferencedContainer = "container:Vacation-Tracker.xcodeproj">
            </BuildableReference>
         </BuildActionEntry>
         <BuildActionEntry
            buildForTesting = "YES"
            buildForRunning = "YES"
            buildForProfiling = "YES"
            buildForArchiving = "YES"
            buildForAnalyzing = "YES">
            <BuildableReference
               BuildableIdentifier = "primary"
               BlueprintIdentifier = "FD0BC14E1B61403B00EB9090"
               BuildableName = "Vacation-Tracker WatchKit Extension.appex"
               BlueprintName = "Vacation-Tracker WatchKit Extension"
               ReferencedContainer = "container:Vacation-Tracker.xcodeproj">
            </BuildableReference>
         </BuildActionEntry>
         <BuildActionEntry
            buildForTesting = "YES"
            buildForRunning = "YES"
            buildForProfiling = "YES"
            buildForArchiving = "YES"
            buildForAnalyzing = "YES">
            <BuildableReference
               BuildableIdentifier = "primary"
               BlueprintIdentifier = "FD813CCA1B3A513800219108"
               BuildableName = "Vacation-Tracker.app"
               BlueprintName = "Vacation-Tracker"
               ReferencedContainer = "container:Vacation-Tracker.xcodeproj">
            </BuildableReference>
         </BuildActionEntry>
      </BuildActionEntries>
   </BuildAction>
   <TestAction
      selectedDebuggerIdentifier = "Xcode.DebuggerFoundation.Debugger.LLDB"
      selectedLauncherIdentifier = "Xcode.DebuggerFoundation.Launcher.LLDB"
      shouldUseLaunchSchemeArgsEnv = "YES"
      buildConfiguration = "Debug">
      <Testables>
      </Testables>
      <MacroExpansion>
         <BuildableReference
            BuildableIdentifier = "primary"
            BlueprintIdentifier = "FD0BC1591B61403B00EB9090"
            BuildableName = "Vacation-Tracker WatchKit App.app"
            BlueprintName = "Vacation-Tracker WatchKit App"
            ReferencedContainer = "container:Vacation-Tracker.xcodeproj">
         </BuildableReference>
      </MacroExpansion>
   </TestAction>
   <LaunchAction
      selectedDebuggerIdentifier = "Xcode.DebuggerFoundation.Debugger.LLDB"
      selectedLauncherIdentifier = "Xcode.DebuggerFoundation.Launcher.LLDB"
      launchStyle = "0"
      useCustomWorkingDirectory = "NO"
      buildConfiguration = "Debug"
      ignoresPersistentStateOnLaunch = "NO"
      debugDocumentVersioning = "YES"
      allowLocationSimulation = "YES"
      launchAutomaticallySubstyle = "4">
      <RemoteRunnable
         runnableDebuggingMode = "2"
         BundleIdentifier = "com.apple.springboard"
         RemotePath = "/Vacation-Tracker">
         <BuildableReference
            BuildableIdentifier = "primary"
            BlueprintIdentifier = "FD0BC1591B61403B00EB9090"
            BuildableName = "Vacation-Tracker WatchKit App.app"
            BlueprintName = "Vacation-Tracker WatchKit App"
            ReferencedContainer = "container:Vacation-Tracker.xcodeproj">
         </BuildableReference>
      </RemoteRunnable>
      <MacroExpansion>
         <BuildableReference
            BuildableIdentifier = "primary"
            BlueprintIdentifier = "FD0BC1591B61403B00EB9090"
            BuildableName = "Vacation-Tracker WatchKit App.app"
            BlueprintName = "Vacation-Tracker WatchKit App"
            ReferencedContainer = "container:Vacation-Tracker.xcodeproj">
         </BuildableReference>
      </MacroExpansion>
      <AdditionalOptions>
      </AdditionalOptions>
   </LaunchAction>
   <ProfileAction
      shouldUseLaunchSchemeArgsEnv = "YES"
      savedToolIdentifier = ""
      useCustomWorkingDirectory = "NO"
      buildConfiguration = "Release"
      debugDocumentVersioning = "YES"
      launchAutomaticallySubstyle = "4">
      <RemoteRunnable
         runnableDebuggingMode = "2"
         BundleIdentifier = "com.apple.springboard"
         RemotePath = "/Vacation-Tracker">
         <BuildableReference
            BuildableIdentifier = "primary"
            BlueprintIdentifier = "FD0BC1591B61403B00EB9090"
            BuildableName = "Vacation-Tracker WatchKit App.app"
            BlueprintName = "Vacation-Tracker WatchKit App"
            ReferencedContainer = "container:Vacation-Tracker.xcodeproj">
         </BuildableReference>
      </RemoteRunnable>
      <MacroExpansion>
         <BuildableReference
            BuildableIdentifier = "primary"
            BlueprintIdentifier = "FD0BC1591B61403B00EB9090"
            BuildableName = "Vacation-Tracker WatchKit App.app"
            BlueprintName = "Vacation-Tracker WatchKit App"
            ReferencedContainer = "container:Vacation-Tracker.xcodeproj">
         </BuildableReference>
      </MacroExpansion>
   </ProfileAction>
   <AnalyzeAction
      buildConfiguration = "Debug">
   </AnalyzeAction>
   <ArchiveAction
      buildConfiguration = "Release"
      revealArchiveInOrganizer = "YES">
   </ArchiveAction>
</Scheme>
